// !$*UTF8*$!
{
	archiveVersion = 1;
	classes = {
	};
	objectVersion = 50;
	objects = {

/* Begin PBXBuildFile section */
		FD24013D2255D53500AC65B6 /* AppDelegate.swift in Sources */ = {isa = PBXBuildFile; fileRef = FD24013C2255D53500AC65B6 /* AppDelegate.swift */; };
		FD24013F2255D53500AC65B6 /* GameScene.sks in Resources */ = {isa = PBXBuildFile; fileRef = FD24013E2255D53500AC65B6 /* GameScene.sks */; };
		FD2401412255D53500AC65B6 /* Actions.sks in Resources */ = {isa = PBXBuildFile; fileRef = FD2401402255D53500AC65B6 /* Actions.sks */; };
		FD2401432255D53500AC65B6 /* GameScene.swift in Sources */ = {isa = PBXBuildFile; fileRef = FD2401422255D53500AC65B6 /* GameScene.swift */; };
		FD2401452255D53500AC65B6 /* GameViewController.swift in Sources */ = {isa = PBXBuildFile; fileRef = FD2401442255D53500AC65B6 /* GameViewController.swift */; };
		FD2401482255D53500AC65B6 /* Main.storyboard in Resources */ = {isa = PBXBuildFile; fileRef = FD2401462255D53500AC65B6 /* Main.storyboard */; };
		FD24014A2255D53900AC65B6 /* Assets.xcassets in Resources */ = {isa = PBXBuildFile; fileRef = FD2401492255D53900AC65B6 /* Assets.xcassets */; };
		FD24014D2255D53900AC65B6 /* LaunchScreen.storyboard in Resources */ = {isa = PBXBuildFile; fileRef = FD24014B2255D53900AC65B6 /* LaunchScreen.storyboard */; };
		FD2401572255D7E400AC65B6 /* MenuScene.sks in Resources */ = {isa = PBXBuildFile; fileRef = FD2401562255D7E400AC65B6 /* MenuScene.sks */; };
		FD24015C2255D91D00AC65B6 /* Splatch.ttf in Resources */ = {isa = PBXBuildFile; fileRef = FD24015B2255D91D00AC65B6 /* Splatch.ttf */; };
		FD2401602255E84100AC65B6 /* MenuScene.swift in Sources */ = {isa = PBXBuildFile; fileRef = FD24015F2255E84100AC65B6 /* MenuScene.swift */; };
		FD2401652255EDC400AC65B6 /* SpermSelection.swift in Sources */ = {isa = PBXBuildFile; fileRef = FD2401642255EDC400AC65B6 /* SpermSelection.swift */; };
		FD2401672255EDE200AC65B6 /* SpermSelection.sks in Resources */ = {isa = PBXBuildFile; fileRef = FD2401662255EDE200AC65B6 /* SpermSelection.sks */; };
/* End PBXBuildFile section */

/* Begin PBXFileReference section */
		FD2401392255D53500AC65B6 /* Sprace.app */ = {isa = PBXFileReference; explicitFileType = wrapper.application; includeInIndex = 0; path = Sprace.app; sourceTree = BUILT_PRODUCTS_DIR; };
		FD24013C2255D53500AC65B6 /* AppDelegate.swift */ = {isa = PBXFileReference; lastKnownFileType = sourcecode.swift; path = AppDelegate.swift; sourceTree = "<group>"; };
		FD24013E2255D53500AC65B6 /* GameScene.sks */ = {isa = PBXFileReference; lastKnownFileType = file.sks; path = GameScene.sks; sourceTree = "<group>"; };
		FD2401402255D53500AC65B6 /* Actions.sks */ = {isa = PBXFileReference; lastKnownFileType = file.sks; path = Actions.sks; sourceTree = "<group>"; };
		FD2401422255D53500AC65B6 /* GameScene.swift */ = {isa = PBXFileReference; lastKnownFileType = sourcecode.swift; path = GameScene.swift; sourceTree = "<group>"; };
		FD2401442255D53500AC65B6 /* GameViewController.swift */ = {isa = PBXFileReference; lastKnownFileType = sourcecode.swift; path = GameViewController.swift; sourceTree = "<group>"; };
		FD2401472255D53500AC65B6 /* Base */ = {isa = PBXFileReference; lastKnownFileType = file.storyboard; name = Base; path = Base.lproj/Main.storyboard; sourceTree = "<group>"; };
		FD2401492255D53900AC65B6 /* Assets.xcassets */ = {isa = PBXFileReference; lastKnownFileType = folder.assetcatalog; path = Assets.xcassets; sourceTree = "<group>"; };
		FD24014C2255D53900AC65B6 /* Base */ = {isa = PBXFileReference; lastKnownFileType = file.storyboard; name = Base; path = Base.lproj/LaunchScreen.storyboard; sourceTree = "<group>"; };
		FD24014E2255D53900AC65B6 /* Info.plist */ = {isa = PBXFileReference; lastKnownFileType = text.plist.xml; path = Info.plist; sourceTree = "<group>"; };
		FD2401562255D7E400AC65B6 /* MenuScene.sks */ = {isa = PBXFileReference; lastKnownFileType = file.sks; path = MenuScene.sks; sourceTree = "<group>"; };
		FD24015B2255D91D00AC65B6 /* Splatch.ttf */ = {isa = PBXFileReference; lastKnownFileType = file; path = Splatch.ttf; sourceTree = "<group>"; };
		FD24015F2255E84100AC65B6 /* MenuScene.swift */ = {isa = PBXFileReference; lastKnownFileType = sourcecode.swift; path = MenuScene.swift; sourceTree = "<group>"; };
		FD2401642255EDC400AC65B6 /* SpermSelection.swift */ = {isa = PBXFileReference; lastKnownFileType = sourcecode.swift; path = SpermSelection.swift; sourceTree = "<group>"; };
		FD2401662255EDE200AC65B6 /* SpermSelection.sks */ = {isa = PBXFileReference; lastKnownFileType = file.sks; path = SpermSelection.sks; sourceTree = "<group>"; };
/* End PBXFileReference section */

/* Begin PBXFrameworksBuildPhase section */
		FD2401362255D53500AC65B6 /* Frameworks */ = {
			isa = PBXFrameworksBuildPhase;
			buildActionMask = 2147483647;
			files = (
			);
			runOnlyForDeploymentPostprocessing = 0;
		};
/* End PBXFrameworksBuildPhase section */

/* Begin PBXGroup section */
		FD2401302255D53500AC65B6 = {
			isa = PBXGroup;
			children = (
				FD24013B2255D53500AC65B6 /* Sprace */,
				FD24013A2255D53500AC65B6 /* Products */,
			);
			sourceTree = "<group>";
		};
		FD24013A2255D53500AC65B6 /* Products */ = {
			isa = PBXGroup;
			children = (
				FD2401392255D53500AC65B6 /* Sprace.app */,
			);
			name = Products;
			sourceTree = "<group>";
		};
		FD24013B2255D53500AC65B6 /* Sprace */ = {
			isa = PBXGroup;
			children = (
				FD2401632255ED9C00AC65B6 /* Scenes */,
				FD2401582255D86F00AC65B6 /* Resources */,
				FD24013C2255D53500AC65B6 /* AppDelegate.swift */,
				FD24013E2255D53500AC65B6 /* GameScene.sks */,
				FD2401402255D53500AC65B6 /* Actions.sks */,
				FD2401422255D53500AC65B6 /* GameScene.swift */,
				FD2401442255D53500AC65B6 /* GameViewController.swift */,
				FD2401462255D53500AC65B6 /* Main.storyboard */,
				FD2401492255D53900AC65B6 /* Assets.xcassets */,
				FD24014B2255D53900AC65B6 /* LaunchScreen.storyboard */,
				FD24014E2255D53900AC65B6 /* Info.plist */,
			);
			path = Sprace;
			sourceTree = "<group>";
		};
		FD2401582255D86F00AC65B6 /* Resources */ = {
			isa = PBXGroup;
			children = (
				FD24015A2255D88700AC65B6 /* Sounds */,
				FD2401592255D88000AC65B6 /* Fonts */,
			);
			path = Resources;
			sourceTree = "<group>";
		};
		FD2401592255D88000AC65B6 /* Fonts */ = {
			isa = PBXGroup;
			children = (
				FD24015B2255D91D00AC65B6 /* Splatch.ttf */,
			);
			path = Fonts;
			sourceTree = "<group>";
		};
		FD24015A2255D88700AC65B6 /* Sounds */ = {
			isa = PBXGroup;
			children = (
			);
			path = Sounds;
			sourceTree = "<group>";
		};
		FD2401632255ED9C00AC65B6 /* Scenes */ = {
			isa = PBXGroup;
			children = (
				FD2401562255D7E400AC65B6 /* MenuScene.sks */,
				FD24015F2255E84100AC65B6 /* MenuScene.swift */,
				FD2401662255EDE200AC65B6 /* SpermSelection.sks */,
				FD2401642255EDC400AC65B6 /* SpermSelection.swift */,
			);
			path = Scenes;
			sourceTree = "<group>";
		};
/* End PBXGroup section */

/* Begin PBXNativeTarget section */
		FD2401382255D53500AC65B6 /* Sprace */ = {
			isa = PBXNativeTarget;
			buildConfigurationList = FD2401512255D53900AC65B6 /* Build configuration list for PBXNativeTarget "Sprace" */;
			buildPhases = (
				FD2401352255D53500AC65B6 /* Sources */,
				FD2401362255D53500AC65B6 /* Frameworks */,
				FD2401372255D53500AC65B6 /* Resources */,
			);
			buildRules = (
			);
			dependencies = (
			);
			name = Sprace;
			productName = Sprace;
			productReference = FD2401392255D53500AC65B6 /* Sprace.app */;
			productType = "com.apple.product-type.application";
		};
/* End PBXNativeTarget section */

/* Begin PBXProject section */
		FD2401312255D53500AC65B6 /* Project object */ = {
			isa = PBXProject;
			attributes = {
				LastSwiftUpdateCheck = 1010;
				LastUpgradeCheck = 1010;
				ORGANIZATIONNAME = shaira;
				TargetAttributes = {
					FD2401382255D53500AC65B6 = {
						CreatedOnToolsVersion = 10.1;
					};
				};
			};
			buildConfigurationList = FD2401342255D53500AC65B6 /* Build configuration list for PBXProject "Sprace" */;
			compatibilityVersion = "Xcode 9.3";
			developmentRegion = en;
			hasScannedForEncodings = 0;
			knownRegions = (
				en,
				Base,
			);
			mainGroup = FD2401302255D53500AC65B6;
			productRefGroup = FD24013A2255D53500AC65B6 /* Products */;
			projectDirPath = "";
			projectRoot = "";
			targets = (
				FD2401382255D53500AC65B6 /* Sprace */,
			);
		};
/* End PBXProject section */

/* Begin PBXResourcesBuildPhase section */
		FD2401372255D53500AC65B6 /* Resources */ = {
			isa = PBXResourcesBuildPhase;
			buildActionMask = 2147483647;
			files = (
				FD2401482255D53500AC65B6 /* Main.storyboard in Resources */,
				FD2401572255D7E400AC65B6 /* MenuScene.sks in Resources */,
				FD24015C2255D91D00AC65B6 /* Splatch.ttf in Resources */,
				FD24013F2255D53500AC65B6 /* GameScene.sks in Resources */,
				FD24014A2255D53900AC65B6 /* Assets.xcassets in Resources */,
				FD24014D2255D53900AC65B6 /* LaunchScreen.storyboard in Resources */,
				FD2401672255EDE200AC65B6 /* SpermSelection.sks in Resources */,
				FD2401412255D53500AC65B6 /* Actions.sks in Resources */,
			);
			runOnlyForDeploymentPostprocessing = 0;
		};
/* End PBXResourcesBuildPhase section */

/* Begin PBXSourcesBuildPhase section */
		FD2401352255D53500AC65B6 /* Sources */ = {
			isa = PBXSourcesBuildPhase;
			buildActionMask = 2147483647;
			files = (
				FD2401432255D53500AC65B6 /* GameScene.swift in Sources */,
				FD2401602255E84100AC65B6 /* MenuScene.swift in Sources */,
				FD2401452255D53500AC65B6 /* GameViewController.swift in Sources */,
				FD24013D2255D53500AC65B6 /* AppDelegate.swift in Sources */,
				FD2401652255EDC400AC65B6 /* SpermSelection.swift in Sources */,
			);
			runOnlyForDeploymentPostprocessing = 0;
		};
/* End PBXSourcesBuildPhase section */

/* Begin PBXVariantGroup section */
		FD2401462255D53500AC65B6 /* Main.storyboard */ = {
			isa = PBXVariantGroup;
			children = (
				FD2401472255D53500AC65B6 /* Base */,
			);
			name = Main.storyboard;
			sourceTree = "<group>";
		};
		FD24014B2255D53900AC65B6 /* LaunchScreen.storyboard */ = {
			isa = PBXVariantGroup;
			children = (
				FD24014C2255D53900AC65B6 /* Base */,
			);
			name = LaunchScreen.storyboard;
			sourceTree = "<group>";
		};
/* End PBXVariantGroup section */

/* Begin XCBuildConfiguration section */
		FD24014F2255D53900AC65B6 /* Debug */ = {
			isa = XCBuildConfiguration;
			buildSettings = {
				ALWAYS_SEARCH_USER_PATHS = NO;
				CLANG_ANALYZER_NONNULL = YES;
				CLANG_ANALYZER_NUMBER_OBJECT_CONVERSION = YES_AGGRESSIVE;
				CLANG_CXX_LANGUAGE_STANDARD = "gnu++14";
				CLANG_CXX_LIBRARY = "libc++";
				CLANG_ENABLE_MODULES = YES;
				CLANG_ENABLE_OBJC_ARC = YES;
				CLANG_ENABLE_OBJC_WEAK = YES;
				CLANG_WARN_BLOCK_CAPTURE_AUTORELEASING = YES;
				CLANG_WARN_BOOL_CONVERSION = YES;
				CLANG_WARN_COMMA = YES;
				CLANG_WARN_CONSTANT_CONVERSION = YES;
				CLANG_WARN_DEPRECATED_OBJC_IMPLEMENTATIONS = YES;
				CLANG_WARN_DIRECT_OBJC_ISA_USAGE = YES_ERROR;
				CLANG_WARN_DOCUMENTATION_COMMENTS = YES;
				CLANG_WARN_EMPTY_BODY = YES;
				CLANG_WARN_ENUM_CONVERSION = YES;
				CLANG_WARN_INFINITE_RECURSION = YES;
				CLANG_WARN_INT_CONVERSION = YES;
				CLANG_WARN_NON_LITERAL_NULL_CONVERSION = YES;
				CLANG_WARN_OBJC_IMPLICIT_RETAIN_SELF = YES;
				CLANG_WARN_OBJC_LITERAL_CONVERSION = YES;
				CLANG_WARN_OBJC_ROOT_CLASS = YES_ERROR;
				CLANG_WARN_RANGE_LOOP_ANALYSIS = YES;
				CLANG_WARN_STRICT_PROTOTYPES = YES;
				CLANG_WARN_SUSPICIOUS_MOVE = YES;
				CLANG_WARN_UNGUARDED_AVAILABILITY = YES_AGGRESSIVE;
				CLANG_WARN_UNREACHABLE_CODE = YES;
				CLANG_WARN__DUPLICATE_METHOD_MATCH = YES;
				CODE_SIGN_IDENTITY = "iPhone Developer";
				COPY_PHASE_STRIP = NO;
				DEBUG_INFORMATION_FORMAT = dwarf;
				ENABLE_STRICT_OBJC_MSGSEND = YES;
				ENABLE_TESTABILITY = YES;
				GCC_C_LANGUAGE_STANDARD = gnu11;
				GCC_DYNAMIC_NO_PIC = NO;
				GCC_NO_COMMON_BLOCKS = YES;
				GCC_OPTIMIZATION_LEVEL = 0;
				GCC_PREPROCESSOR_DEFINITIONS = (
					"DEBUG=1",
					"$(inherited)",
				);
				GCC_WARN_64_TO_32_BIT_CONVERSION = YES;
				GCC_WARN_ABOUT_RETURN_TYPE = YES_ERROR;
				GCC_WARN_UNDECLARED_SELECTOR = YES;
				GCC_WARN_UNINITIALIZED_AUTOS = YES_AGGRESSIVE;
				GCC_WARN_UNUSED_FUNCTION = YES;
				GCC_WARN_UNUSED_VARIABLE = YES;
				IPHONEOS_DEPLOYMENT_TARGET = 12.1;
				MTL_ENABLE_DEBUG_INFO = INCLUDE_SOURCE;
				MTL_FAST_MATH = YES;
				ONLY_ACTIVE_ARCH = YES;
				SDKROOT = iphoneos;
				SWIFT_ACTIVE_COMPILATION_CONDITIONS = DEBUG;
				SWIFT_OPTIMIZATION_LEVEL = "-Onone";
			};
			name = Debug;
		};
		FD2401502255D53900AC65B6 /* Release */ = {
			isa = XCBuildConfiguration;
			buildSettings = {
				ALWAYS_SEARCH_USER_PATHS = NO;
				CLANG_ANALYZER_NONNULL = YES;
				CLANG_ANALYZER_NUMBER_OBJECT_CONVERSION = YES_AGGRESSIVE;
				CLANG_CXX_LANGUAGE_STANDARD = "gnu++14";
				CLANG_CXX_LIBRARY = "libc++";
				CLANG_ENABLE_MODULES = YES;
				CLANG_ENABLE_OBJC_ARC = YES;
				CLANG_ENABLE_OBJC_WEAK = YES;
				CLANG_WARN_BLOCK_CAPTURE_AUTORELEASING = YES;
				CLANG_WARN_BOOL_CONVERSION = YES;
				CLANG_WARN_COMMA = YES;
				CLANG_WARN_CONSTANT_CONVERSION = YES;
				CLANG_WARN_DEPRECATED_OBJC_IMPLEMENTATIONS = YES;
				CLANG_WARN_DIRECT_OBJC_ISA_USAGE = YES_ERROR;
				CLANG_WARN_DOCUMENTATION_COMMENTS = YES;
				CLANG_WARN_EMPTY_BODY = YES;
				CLANG_WARN_ENUM_CONVERSION = YES;
				CLANG_WARN_INFINITE_RECURSION = YES;
				CLANG_WARN_INT_CONVERSION = YES;
				CLANG_WARN_NON_LITERAL_NULL_CONVERSION = YES;
				CLANG_WARN_OBJC_IMPLICIT_RETAIN_SELF = YES;
				CLANG_WARN_OBJC_LITERAL_CONVERSION = YES;
				CLANG_WARN_OBJC_ROOT_CLASS = YES_ERROR;
				CLANG_WARN_RANGE_LOOP_ANALYSIS = YES;
				CLANG_WARN_STRICT_PROTOTYPES = YES;
				CLANG_WARN_SUSPICIOUS_MOVE = YES;
				CLANG_WARN_UNGUARDED_AVAILABILITY = YES_AGGRESSIVE;
				CLANG_WARN_UNREACHABLE_CODE = YES;
				CLANG_WARN__DUPLICATE_METHOD_MATCH = YES;
				CODE_SIGN_IDENTITY = "iPhone Developer";
				COPY_PHASE_STRIP = NO;
				DEBUG_INFORMATION_FORMAT = "dwarf-with-dsym";
				ENABLE_NS_ASSERTIONS = NO;
				ENABLE_STRICT_OBJC_MSGSEND = YES;
				GCC_C_LANGUAGE_STANDARD = gnu11;
				GCC_NO_COMMON_BLOCKS = YES;
				GCC_WARN_64_TO_32_BIT_CONVERSION = YES;
				GCC_WARN_ABOUT_RETURN_TYPE = YES_ERROR;
				GCC_WARN_UNDECLARED_SELECTOR = YES;
				GCC_WARN_UNINITIALIZED_AUTOS = YES_AGGRESSIVE;
				GCC_WARN_UNUSED_FUNCTION = YES;
				GCC_WARN_UNUSED_VARIABLE = YES;
				IPHONEOS_DEPLOYMENT_TARGET = 12.1;
				MTL_ENABLE_DEBUG_INFO = NO;
				MTL_FAST_MATH = YES;
				SDKROOT = iphoneos;
				SWIFT_COMPILATION_MODE = wholemodule;
				SWIFT_OPTIMIZATION_LEVEL = "-O";
				VALIDATE_PRODUCT = YES;
			};
			name = Release;
		};
		FD2401522255D53900AC65B6 /* Debug */ = {
			isa = XCBuildConfiguration;
			buildSettings = {
				ASSETCATALOG_COMPILER_APPICON_NAME = AppIcon;
				CODE_SIGN_STYLE = Automatic;
				DEVELOPMENT_TEAM = 844JK87H6H;
				INFOPLIST_FILE = Sprace/Info.plist;
				LD_RUNPATH_SEARCH_PATHS = (
					"$(inherited)",
					"@executable_path/Frameworks",
				);
				PRODUCT_BUNDLE_IDENTIFIER = com.shaira.Sprace;
				PRODUCT_NAME = "$(TARGET_NAME)";
				SWIFT_VERSION = 4.2;
				TARGETED_DEVICE_FAMILY = 1;
			};
			name = Debug;
		};
		FD2401532255D53900AC65B6 /* Release */ = {
			isa = XCBuildConfiguration;
			buildSettings = {
				ASSETCATALOG_COMPILER_APPICON_NAME = AppIcon;
				CODE_SIGN_STYLE = Automatic;
				DEVELOPMENT_TEAM = 844JK87H6H;
				INFOPLIST_FILE = Sprace/Info.plist;
				LD_RUNPATH_SEARCH_PATHS = (
					"$(inherited)",
					"@executable_path/Frameworks",
				);
				PRODUCT_BUNDLE_IDENTIFIER = com.shaira.Sprace;
				PRODUCT_NAME = "$(TARGET_NAME)";
				SWIFT_VERSION = 4.2;
				TARGETED_DEVICE_FAMILY = 1;
			};
			name = Release;
		};
/* End XCBuildConfiguration section */

/* Begin XCConfigurationList section */
		FD2401342255D53500AC65B6 /* Build configuration list for PBXProject "Sprace" */ = {
			isa = XCConfigurationList;
			buildConfigurations = (
				FD24014F2255D53900AC65B6 /* Debug */,
				FD2401502255D53900AC65B6 /* Release */,
			);
			defaultConfigurationIsVisible = 0;
			defaultConfigurationName = Release;
		};
		FD2401512255D53900AC65B6 /* Build configuration list for PBXNativeTarget "Sprace" */ = {
			isa = XCConfigurationList;
			buildConfigurations = (
				FD2401522255D53900AC65B6 /* Debug */,
				FD2401532255D53900AC65B6 /* Release */,
			);
			defaultConfigurationIsVisible = 0;
			defaultConfigurationName = Release;
		};
/* End XCConfigurationList section */
	};
	rootObject = FD2401312255D53500AC65B6 /* Project object */;
}
